
Microsoft Visual Studio Solution File, Format Version 12.00
# Visual Studio Version 17
VisualStudioVersion = 17.14.36511.14 d17.14
MinimumVisualStudioVersion = 10.0.40219.1
Project("{FAE04EC0-301F-11D3-BF4B-00C04F79EFBC}") = "CharacterCreationRedone", "CharacterCreationRedone\CharacterCreationRedone.csproj", "{07E1CB88-1F68-44AF-91B4-2A80CA679F00}"
EndProject
Global
	GlobalSection(SolutionConfigurationPlatforms) = preSolution
		Debug|Any CPU = Debug|Any CPU
		Release|Any CPU = Release|Any CPU
	EndGlobalSection
	GlobalSection(ProjectConfigurationPlatforms) = postSolution
		{07E1CB88-1F68-44AF-91B4-2A80CA679F00}.Debug|Any CPU.ActiveCfg = Debug|Any CPU
		{07E1CB88-1F68-44AF-91B4-2A80CA679F00}.Debug|Any CPU.Build.0 = Debug|Any CPU
		{07E1CB88-1F68-44AF-91B4-2A80CA679F00}.Release|Any CPU.ActiveCfg = Release|Any CPU
		{07E1CB88-1F68-44AF-91B4-2A80CA679F00}.Release|Any CPU.Build.0 = Release|Any CPU
	EndGlobalSection
	GlobalSection(SolutionProperties) = preSolution
		HideSolutionNode = FALSE
	EndGlobalSection
	GlobalSection(ExtensibilityGlobals) = postSolution
		SolutionGuid = {D6BC4880-85A8-40E6-974F-E33DDEB82E70}
	EndGlobalSection
EndGlobal
